
Microsoft Visual Studio Solution File, Format Version 12.00
# Visual Studio 15
VisualStudioVersion = 15.0.26730.16
MinimumVisualStudioVersion = 10.0.40219.1
Project("{8BC9CEB8-8B4A-11D0-8D11-00A0C91BC942}") = "ArduinoProgram", "ArduinoProgram\ArduinoProgram.vcxproj", "{F2A50E68-D9A8-48F8-8FFD-5F1C47A3C2C0}"
EndProject
Project("{2150E333-8FDC-42A3-9474-1A3956D46DE8}") = "Solution Items", "Solution Items", "{418C150B-2363-4ADE-84CC-20A8E6C45AC4}"
	ProjectSection(SolutionItems) = preProject
		README.md = README.md
	EndProjectSection
EndProject
Project("{FAE04EC0-301F-11D3-BF4B-00C04F79EFBC}") = "LightZ", "LightZ\LightZ.csproj", "{371B6310-EB50-4C33-BC47-9E5C68982D55}"
EndProject
Project("{FAE04EC0-301F-11D3-BF4B-00C04F79EFBC}") = "LightZ.Tests", "LightZ.Tests\LightZ.Tests.csproj", "{D2B76A6F-4E3C-4623-9220-F431CC29AD8A}"
EndProject
Global
	GlobalSection(SolutionConfigurationPlatforms) = preSolution
		Debug|Any CPU = Debug|Any CPU
		Debug|ARM = Debug|ARM
		Debug|Mixed Platforms = Debug|Mixed Platforms
		Debug|Win32 = Debug|Win32
		Debug|x64 = Debug|x64
		Debug|x86 = Debug|x86
		Release|Any CPU = Release|Any CPU
		Release|ARM = Release|ARM
		Release|Mixed Platforms = Release|Mixed Platforms
		Release|Win32 = Release|Win32
		Release|x64 = Release|x64
		Release|x86 = Release|x86
	EndGlobalSection
	GlobalSection(ProjectConfigurationPlatforms) = postSolution
		{F2A50E68-D9A8-48F8-8FFD-5F1C47A3C2C0}.Debug|Any CPU.ActiveCfg = Debug|Win32
		{F2A50E68-D9A8-48F8-8FFD-5F1C47A3C2C0}.Debug|ARM.ActiveCfg = Debug|Win32
		{F2A50E68-D9A8-48F8-8FFD-5F1C47A3C2C0}.Debug|Mixed Platforms.ActiveCfg = Debug|Win32
		{F2A50E68-D9A8-48F8-8FFD-5F1C47A3C2C0}.Debug|Mixed Platforms.Build.0 = Debug|Win32
		{F2A50E68-D9A8-48F8-8FFD-5F1C47A3C2C0}.Debug|Win32.ActiveCfg = Debug|Win32
		{F2A50E68-D9A8-48F8-8FFD-5F1C47A3C2C0}.Debug|Win32.Build.0 = Debug|Win32
		{F2A50E68-D9A8-48F8-8FFD-5F1C47A3C2C0}.Debug|x64.ActiveCfg = Debug|Win32
		{F2A50E68-D9A8-48F8-8FFD-5F1C47A3C2C0}.Debug|x86.ActiveCfg = Debug|Win32
		{F2A50E68-D9A8-48F8-8FFD-5F1C47A3C2C0}.Debug|x86.Build.0 = Debug|Win32
		{F2A50E68-D9A8-48F8-8FFD-5F1C47A3C2C0}.Release|Any CPU.ActiveCfg = Release|Win32
		{F2A50E68-D9A8-48F8-8FFD-5F1C47A3C2C0}.Release|ARM.ActiveCfg = Release|Win32
		{F2A50E68-D9A8-48F8-8FFD-5F1C47A3C2C0}.Release|Mixed Platforms.ActiveCfg = Release|Win32
		{F2A50E68-D9A8-48F8-8FFD-5F1C47A3C2C0}.Release|Mixed Platforms.Build.0 = Release|Win32
		{F2A50E68-D9A8-48F8-8FFD-5F1C47A3C2C0}.Release|Win32.ActiveCfg = Release|Win32
		{F2A50E68-D9A8-48F8-8FFD-5F1C47A3C2C0}.Release|Win32.Build.0 = Release|Win32
		{F2A50E68-D9A8-48F8-8FFD-5F1C47A3C2C0}.Release|x64.ActiveCfg = Release|Win32
		{F2A50E68-D9A8-48F8-8FFD-5F1C47A3C2C0}.Release|x86.ActiveCfg = Release|Win32
		{F2A50E68-D9A8-48F8-8FFD-5F1C47A3C2C0}.Release|x86.Build.0 = Release|Win32
		{371B6310-EB50-4C33-BC47-9E5C68982D55}.Debug|Any CPU.ActiveCfg = Debug|Any CPU
		{371B6310-EB50-4C33-BC47-9E5C68982D55}.Debug|Any CPU.Build.0 = Debug|Any CPU
		{371B6310-EB50-4C33-BC47-9E5C68982D55}.Debug|ARM.ActiveCfg = Debug|Any CPU
		{371B6310-EB50-4C33-BC47-9E5C68982D55}.Debug|ARM.Build.0 = Debug|Any CPU
		{371B6310-EB50-4C33-BC47-9E5C68982D55}.Debug|Mixed Platforms.ActiveCfg = Debug|Any CPU
		{371B6310-EB50-4C33-BC47-9E5C68982D55}.Debug|Mixed Platforms.Build.0 = Debug|Any CPU
		{371B6310-EB50-4C33-BC47-9E5C68982D55}.Debug|Win32.ActiveCfg = Debug|Any CPU
		{371B6310-EB50-4C33-BC47-9E5C68982D55}.Debug|Win32.Build.0 = Debug|Any CPU
		{371B6310-EB50-4C33-BC47-9E5C68982D55}.Debug|x64.ActiveCfg = Debug|Any CPU
		{371B6310-EB50-4C33-BC47-9E5C68982D55}.Debug|x64.Build.0 = Debug|Any CPU
		{371B6310-EB50-4C33-BC47-9E5C68982D55}.Debug|x86.ActiveCfg = Debug|Any CPU
		{371B6310-EB50-4C33-BC47-9E5C68982D55}.Debug|x86.Build.0 = Debug|Any CPU
		{371B6310-EB50-4C33-BC47-9E5C68982D55}.Release|Any CPU.ActiveCfg = Release|Any CPU
		{371B6310-EB50-4C33-BC47-9E5C68982D55}.Release|Any CPU.Build.0 = Release|Any CPU
		{371B6310-EB50-4C33-BC47-9E5C68982D55}.Release|ARM.ActiveCfg = Release|Any CPU
		{371B6310-EB50-4C33-BC47-9E5C68982D55}.Release|ARM.Build.0 = Release|Any CPU
		{371B6310-EB50-4C33-BC47-9E5C68982D55}.Release|Mixed Platforms.ActiveCfg = Release|Any CPU
		{371B6310-EB50-4C33-BC47-9E5C68982D55}.Release|Mixed Platforms.Build.0 = Release|Any CPU
		{371B6310-EB50-4C33-BC47-9E5C68982D55}.Release|Win32.ActiveCfg = Release|Any CPU
		{371B6310-EB50-4C33-BC47-9E5C68982D55}.Release|Win32.Build.0 = Release|Any CPU
		{371B6310-EB50-4C33-BC47-9E5C68982D55}.Release|x64.ActiveCfg = Release|Any CPU
		{371B6310-EB50-4C33-BC47-9E5C68982D55}.Release|x64.Build.0 = Release|Any CPU
		{371B6310-EB50-4C33-BC47-9E5C68982D55}.Release|x86.ActiveCfg = Release|Any CPU
		{371B6310-EB50-4C33-BC47-9E5C68982D55}.Release|x86.Build.0 = Release|Any CPU
		{D2B76A6F-4E3C-4623-9220-F431CC29AD8A}.Debug|Any CPU.ActiveCfg = Debug|Any CPU
		{D2B76A6F-4E3C-4623-9220-F431CC29AD8A}.Debug|Any CPU.Build.0 = Debug|Any CPU
		{D2B76A6F-4E3C-4623-9220-F431CC29AD8A}.Debug|ARM.ActiveCfg = Debug|Any CPU
		{D2B76A6F-4E3C-4623-9220-F431CC29AD8A}.Debug|ARM.Build.0 = Debug|Any CPU
		{D2B76A6F-4E3C-4623-9220-F431CC29AD8A}.Debug|Mixed Platforms.ActiveCfg = Debug|Any CPU
		{D2B76A6F-4E3C-4623-9220-F431CC29AD8A}.Debug|Mixed Platforms.Build.0 = Debug|Any CPU
		{D2B76A6F-4E3C-4623-9220-F431CC29AD8A}.Debug|Win32.ActiveCfg = Debug|Any CPU
		{D2B76A6F-4E3C-4623-9220-F431CC29AD8A}.Debug|Win32.Build.0 = Debug|Any CPU
		{D2B76A6F-4E3C-4623-9220-F431CC29AD8A}.Debug|x64.ActiveCfg = Debug|Any CPU
		{D2B76A6F-4E3C-4623-9220-F431CC29AD8A}.Debug|x64.Build.0 = Debug|Any CPU
		{D2B76A6F-4E3C-4623-9220-F431CC29AD8A}.Debug|x86.ActiveCfg = Debug|Any CPU
		{D2B76A6F-4E3C-4623-9220-F431CC29AD8A}.Debug|x86.Build.0 = Debug|Any CPU
		{D2B76A6F-4E3C-4623-9220-F431CC29AD8A}.Release|Any CPU.ActiveCfg = Release|Any CPU
		{D2B76A6F-4E3C-4623-9220-F431CC29AD8A}.Release|Any CPU.Build.0 = Release|Any CPU
		{D2B76A6F-4E3C-4623-9220-F431CC29AD8A}.Release|ARM.ActiveCfg = Release|Any CPU
		{D2B76A6F-4E3C-4623-9220-F431CC29AD8A}.Release|ARM.Build.0 = Release|Any CPU
		{D2B76A6F-4E3C-4623-9220-F431CC29AD8A}.Release|Mixed Platforms.ActiveCfg = Release|Any CPU
		{D2B76A6F-4E3C-4623-9220-F431CC29AD8A}.Release|Mixed Platforms.Build.0 = Release|Any CPU
		{D2B76A6F-4E3C-4623-9220-F431CC29AD8A}.Release|Win32.ActiveCfg = Release|Any CPU
		{D2B76A6F-4E3C-4623-9220-F431CC29AD8A}.Release|Win32.Build.0 = Release|Any CPU
		{D2B76A6F-4E3C-4623-9220-F431CC29AD8A}.Release|x64.ActiveCfg = Release|Any CPU
		{D2B76A6F-4E3C-4623-9220-F431CC29AD8A}.Release|x64.Build.0 = Release|Any CPU
		{D2B76A6F-4E3C-4623-9220-F431CC29AD8A}.Release|x86.ActiveCfg = Release|Any CPU
		{D2B76A6F-4E3C-4623-9220-F431CC29AD8A}.Release|x86.Build.0 = Release|Any CPU
	EndGlobalSection
	GlobalSection(SolutionProperties) = preSolution
		HideSolutionNode = FALSE
	EndGlobalSection
	GlobalSection(ExtensibilityGlobals) = postSolution
		SolutionGuid = {62B02E77-1014-4487-81E0-E0B3A448B01D}
	EndGlobalSection
EndGlobal
